
Microsoft Visual Studio Solution File, Format Version 12.00
# Visual Studio 15
VisualStudioVersion = 15.0.27703.2047
MinimumVisualStudioVersion = 10.0.40219.1
Project("{00D1A9C2-B5F0-4AF3-8072-F6C62B433612}") = "ShoppingroomDb", "ShoppingroomDb\ShoppingroomDb.sqlproj", "{8F226160-58D6-4BC2-9845-9F146E3CEBBF}"
EndProject
Global
	GlobalSection(SolutionConfigurationPlatforms) = preSolution
		Debug|Any CPU = Debug|Any CPU
		Release|Any CPU = Release|Any CPU
	EndGlobalSection
	GlobalSection(ProjectConfigurationPlatforms) = postSolution
		{8F226160-58D6-4BC2-9845-9F146E3CEBBF}.Debug|Any CPU.ActiveCfg = Debug|Any CPU
		{8F226160-58D6-4BC2-9845-9F146E3CEBBF}.Debug|Any CPU.Build.0 = Debug|Any CPU
		{8F226160-58D6-4BC2-9845-9F146E3CEBBF}.Debug|Any CPU.Deploy.0 = Debug|Any CPU
		{8F226160-58D6-4BC2-9845-9F146E3CEBBF}.Release|Any CPU.ActiveCfg = Release|Any CPU
		{8F226160-58D6-4BC2-9845-9F146E3CEBBF}.Release|Any CPU.Build.0 = Release|Any CPU
		{8F226160-58D6-4BC2-9845-9F146E3CEBBF}.Release|Any CPU.Deploy.0 = Release|Any CPU
	EndGlobalSection
	GlobalSection(SolutionProperties) = preSolution
		HideSolutionNode = FALSE
	EndGlobalSection
	GlobalSection(ExtensibilityGlobals) = postSolution
		SolutionGuid = {D6CC493F-B102-46B8-B073-61750EFB30FA}
	EndGlobalSection
EndGlobal
